
Microsoft Visual Studio Solution File, Format Version 12.00
# Visual Studio Version 16
VisualStudioVersion = 16.0.31911.196
MinimumVisualStudioVersion = 10.0.40219.1
Project("{8BC9CEB8-8B4A-11D0-8D11-00A0C91BC942}") = "Maximum Engine", "Maximum Engine\Maximum Engine.vcxproj", "{D4AE1E5E-B791-4B2D-90A7-02460EFD7D0E}"
EndProject
Project("{8BC9CEB8-8B4A-11D0-8D11-00A0C91BC942}") = "Pong with ME", "Pong with ME\Pong with ME.vcxproj", "{F237630F-1E41-4A1A-B8E9-5B6AEB65CEF9}"
EndProject
Global
	GlobalSection(SolutionConfigurationPlatforms) = preSolution
		Debug|x64 = Debug|x64
		Debug|x86 = Debug|x86
		Release|x64 = Release|x64
		Release|x86 = Release|x86
	EndGlobalSection
	GlobalSection(ProjectConfigurationPlatforms) = postSolution
		{D4AE1E5E-B791-4B2D-90A7-02460EFD7D0E}.Debug|x64.ActiveCfg = Debug|x64
		{D4AE1E5E-B791-4B2D-90A7-02460EFD7D0E}.Debug|x64.Build.0 = Debug|x64
		{D4AE1E5E-B791-4B2D-90A7-02460EFD7D0E}.Debug|x86.ActiveCfg = Debug|Win32
		{D4AE1E5E-B791-4B2D-90A7-02460EFD7D0E}.Debug|x86.Build.0 = Debug|Win32
		{D4AE1E5E-B791-4B2D-90A7-02460EFD7D0E}.Release|x64.ActiveCfg = Release|x64
		{D4AE1E5E-B791-4B2D-90A7-02460EFD7D0E}.Release|x64.Build.0 = Release|x64
		{D4AE1E5E-B791-4B2D-90A7-02460EFD7D0E}.Release|x86.ActiveCfg = Release|Win32
		{D4AE1E5E-B791-4B2D-90A7-02460EFD7D0E}.Release|x86.Build.0 = Release|Win32
		{F237630F-1E41-4A1A-B8E9-5B6AEB65CEF9}.Debug|x64.ActiveCfg = Debug|x64
		{F237630F-1E41-4A1A-B8E9-5B6AEB65CEF9}.Debug|x64.Build.0 = Debug|x64
		{F237630F-1E41-4A1A-B8E9-5B6AEB65CEF9}.Debug|x86.ActiveCfg = Debug|Win32
		{F237630F-1E41-4A1A-B8E9-5B6AEB65CEF9}.Debug|x86.Build.0 = Debug|Win32
		{F237630F-1E41-4A1A-B8E9-5B6AEB65CEF9}.Release|x64.ActiveCfg = Release|x64
		{F237630F-1E41-4A1A-B8E9-5B6AEB65CEF9}.Release|x64.Build.0 = Release|x64
		{F237630F-1E41-4A1A-B8E9-5B6AEB65CEF9}.Release|x86.ActiveCfg = Release|Win32
		{F237630F-1E41-4A1A-B8E9-5B6AEB65CEF9}.Release|x86.Build.0 = Release|Win32
	EndGlobalSection
	GlobalSection(SolutionProperties) = preSolution
		HideSolutionNode = FALSE
	EndGlobalSection
	GlobalSection(ExtensibilityGlobals) = postSolution
		SolutionGuid = {42EEF02B-D5DA-4D79-B8EC-91C0E5E44D08}
	EndGlobalSection
EndGlobal
